PODS:
  - SHRMAppDelegate (0.0.3)

DEPENDENCIES:
  - SHRMAppDelegate

SPEC REPOS:
  https://github.com/cocoapods/specs.git:
    - SHRMAppDelegate

SPEC CHECKSUMS:
  SHRMAppDelegate: e57fe9f4673a0002978bc3acfdabe318138a59db

PODFILE CHECKSUM: 1c0011c2202135ffb7fada3a1a0c8d0c4522dd06

COCOAPODS: 1.6.1
