PODS:
  - SHRMAppDelegate (0.0.2)

DEPENDENCIES:
  - SHRMAppDelegate (~> 0.0.2)

SPEC REPOS:
  https://github.com/cocoapods/specs.git:
    - SHRMAppDelegate

SPEC CHECKSUMS:
  SHRMAppDelegate: d07bcd9f9e51c235e15862e593eaafdae1678418

PODFILE CHECKSUM: fae88fd24bf9ce6a14bebc3b5af5eab7b6310d0c

COCOAPODS: 1.6.1
