PODS:
  - SHRMAppDelegate (0.0.2)

DEPENDENCIES:
  - SHRMAppDelegate

SPEC REPOS:
  https://github.com/cocoapods/specs.git:
    - SHRMAppDelegate

SPEC CHECKSUMS:
  SHRMAppDelegate: d07bcd9f9e51c235e15862e593eaafdae1678418

PODFILE CHECKSUM: 1c0011c2202135ffb7fada3a1a0c8d0c4522dd06

COCOAPODS: 1.6.1
